
Microsoft Visual Studio Solution File, Format Version 12.00
# Visual Studio 15
Project("{FAE04EC0-301F-11D3-BF4B-00C04F79EFBC}") = "Assembly-CSharp", "Assembly-CSharp.csproj", "{74AE7E0A-3453-84D5-BC25-04315A615F6B}"
EndProject
Project("{FAE04EC0-301F-11D3-BF4B-00C04F79EFBC}") = "Assembly-CSharp-firstpass", "Assembly-CSharp-firstpass.csproj", "{43C4AB77-77D0-FE89-A4CF-CADE707CB75A}"
EndProject
Global
	GlobalSection(SolutionConfigurationPlatforms) = preSolution
		Debug|Any CPU = Debug|Any CPU
		Release|Any CPU = Release|Any CPU
	EndGlobalSection
	GlobalSection(ProjectConfigurationPlatforms) = postSolution
		{74AE7E0A-3453-84D5-BC25-04315A615F6B}.Debug|Any CPU.ActiveCfg = Debug|Any CPU
		{74AE7E0A-3453-84D5-BC25-04315A615F6B}.Debug|Any CPU.Build.0 = Debug|Any CPU
		{74AE7E0A-3453-84D5-BC25-04315A615F6B}.Release|Any CPU.ActiveCfg = Release|Any CPU
		{74AE7E0A-3453-84D5-BC25-04315A615F6B}.Release|Any CPU.Build.0 = Release|Any CPU
		{43C4AB77-77D0-FE89-A4CF-CADE707CB75A}.Debug|Any CPU.ActiveCfg = Debug|Any CPU
		{43C4AB77-77D0-FE89-A4CF-CADE707CB75A}.Debug|Any CPU.Build.0 = Debug|Any CPU
		{43C4AB77-77D0-FE89-A4CF-CADE707CB75A}.Release|Any CPU.ActiveCfg = Release|Any CPU
		{43C4AB77-77D0-FE89-A4CF-CADE707CB75A}.Release|Any CPU.Build.0 = Release|Any CPU
	EndGlobalSection
	GlobalSection(SolutionProperties) = preSolution
		HideSolutionNode = FALSE
	EndGlobalSection
EndGlobal
